
Microsoft Visual Studio Solution File, Format Version 12.00
# Visual Studio Version 16
VisualStudioVersion = 16.0.33130.400
MinimumVisualStudioVersion = 10.0.40219.1
Project("{FAE04EC0-301F-11D3-BF4B-00C04F79EFBC}") = "pert6_nama", "pert6_nama\pert6_nama.csproj", "{EB118D7F-F4F7-45F8-BD1B-7EF948F34324}"
EndProject
Global
	GlobalSection(SolutionConfigurationPlatforms) = preSolution
		Debug|Any CPU = Debug|Any CPU
		Release|Any CPU = Release|Any CPU
	EndGlobalSection
	GlobalSection(ProjectConfigurationPlatforms) = postSolution
		{EB118D7F-F4F7-45F8-BD1B-7EF948F34324}.Debug|Any CPU.ActiveCfg = Debug|Any CPU
		{EB118D7F-F4F7-45F8-BD1B-7EF948F34324}.Debug|Any CPU.Build.0 = Debug|Any CPU
		{EB118D7F-F4F7-45F8-BD1B-7EF948F34324}.Release|Any CPU.ActiveCfg = Release|Any CPU
		{EB118D7F-F4F7-45F8-BD1B-7EF948F34324}.Release|Any CPU.Build.0 = Release|Any CPU
	EndGlobalSection
	GlobalSection(SolutionProperties) = preSolution
		HideSolutionNode = FALSE
	EndGlobalSection
	GlobalSection(ExtensibilityGlobals) = postSolution
		SolutionGuid = {09FC0AAD-89AB-4913-997C-9D52D3B8813F}
	EndGlobalSection
EndGlobal
