
Microsoft Visual Studio Solution File, Format Version 12.00
# Visual Studio Version 16
VisualStudioVersion = 16.0.33130.400
MinimumVisualStudioVersion = 10.0.40219.1
Project("{FAE04EC0-301F-11D3-BF4B-00C04F79EFBC}") = "Pert 8", "Pert 7\Pert 8.csproj", "{02B12EB4-1FEB-4006-9DEC-7087E08B0832}"
EndProject
Global
	GlobalSection(SolutionConfigurationPlatforms) = preSolution
		Debug|Any CPU = Debug|Any CPU
		Release|Any CPU = Release|Any CPU
	EndGlobalSection
	GlobalSection(ProjectConfigurationPlatforms) = postSolution
		{02B12EB4-1FEB-4006-9DEC-7087E08B0832}.Debug|Any CPU.ActiveCfg = Debug|Any CPU
		{02B12EB4-1FEB-4006-9DEC-7087E08B0832}.Debug|Any CPU.Build.0 = Debug|Any CPU
		{02B12EB4-1FEB-4006-9DEC-7087E08B0832}.Release|Any CPU.ActiveCfg = Release|Any CPU
		{02B12EB4-1FEB-4006-9DEC-7087E08B0832}.Release|Any CPU.Build.0 = Release|Any CPU
	EndGlobalSection
	GlobalSection(SolutionProperties) = preSolution
		HideSolutionNode = FALSE
	EndGlobalSection
	GlobalSection(ExtensibilityGlobals) = postSolution
		SolutionGuid = {DB29B8F2-5F6F-4347-AED0-93CE70931CF0}
	EndGlobalSection
EndGlobal
